<?xml version="1.0" encoding="utf-8"?>
<Project ToolsVersion="4.0" xmlns="http://schemas.microsoft.com/developer/msbuild/2003">
  <ItemGroup>
    <Filter Include="Source Files">
      <UniqueIdentifier>{BBC1A3D6-6164-4E42-ACED-4CECB33BADD8}</UniqueIdentifier>
      <Extensions>cpp;c;cc;cxx;def;odl;idl;hpj;bat;asm;asmx</Extensions>
    </Filter>
    <Filter Include="Header Files">
      <UniqueIdentifier>{FF6BF6F7-64B4-4F78-B223-30CDA798BB42}</UniqueIdentifier>
      <Extensions>h;hpp;hxx;hm;inl;inc;xsd</Extensions>
    </Filter>
    <Filter Include="Resource Files">
      <UniqueIdentifier>{4BE94A7E-4F14-43CA-982B-82CF6E27EDF4}</UniqueIdentifier>
      <Extensions>rc;ico;cur;bmp;dlg;rc2;rct;bin;rgs;gif;jpg;jpeg;jpe;resx;tiff;tif;png;wav;mfcribbon-ms</Extensions>
    </Filter>
  </ItemGroup>
  <ItemGroup>
    <None Include="Larkin_Module12.cl" />
    <None Include="parserKernels.cl" />
  </ItemGroup>
  <ItemGroup>
    <ClInclude Include="testDriver.hpp">
      <Filter>Source Files</Filter>
    </ClInclude>
    <ClInclude Include="ContextManager.hpp">
      <Filter>Source Files</Filter>
    </ClInclude>
    <ClInclude Include="Average.h">
      <Filter>Source Files</Filter>
    </ClInclude>
    <ClInclude Include="DeviceBaseClass.hpp">
      <Filter>Source Files</Filter>
    </ClInclude>
    <ClInclude Include="OpenCL_SMA.hpp">
      <Filter>Source Files</Filter>
    </ClInclude>
    <ClInclude Include="ClParser.hpp">
      <Filter>Source Files</Filter>
    </ClInclude>
  </ItemGroup>
  <ItemGroup>
    <ClCompile Include="OpenCL_SMA.cpp">
      <Filter>Source Files</Filter>
    </ClCompile>
    <ClCompile Include="testDriver.cpp">
      <Filter>Source Files</Filter>
    </ClCompile>
    <ClCompile Include="ContextManager.cpp">
      <Filter>Source Files</Filter>
    </ClCompile>
    <ClCompile Include="Average.cpp">
      <Filter>Source Files</Filter>
    </ClCompile>
    <ClCompile Include="DeviceBaseClass.cpp">
      <Filter>Source Files</Filter>
    </ClCompile>
    <ClCompile Include="clParser.cpp">
      <Filter>Source Files</Filter>
    </ClCompile>
  </ItemGroup>
</Project>